
Microsoft Visual Studio Solution File, Format Version 12.00
# Visual Studio Version 17
VisualStudioVersion = 17.4.33213.308
MinimumVisualStudioVersion = 10.0.40219.1
Project("{FAE04EC0-301F-11D3-BF4B-00C04F79EFBC}") = "NakliyeProje", "NakliyeProje\NakliyeProje.csproj", "{09322565-3CDE-458F-B50C-372C3BF0F702}"
EndProject
Project("{54435603-DBB4-11D2-8724-00A0C9A8B90C}") = "NakliyeTakipSetup", "NakliyeTakipSetup\NakliyeTakipSetup.vdproj", "{09B37969-3082-433D-B0C9-028268340E14}"
EndProject
Global
	GlobalSection(SolutionConfigurationPlatforms) = preSolution
		Debug|Any CPU = Debug|Any CPU
		Release|Any CPU = Release|Any CPU
	EndGlobalSection
	GlobalSection(ProjectConfigurationPlatforms) = postSolution
		{09322565-3CDE-458F-B50C-372C3BF0F702}.Debug|Any CPU.ActiveCfg = Debug|Any CPU
		{09322565-3CDE-458F-B50C-372C3BF0F702}.Debug|Any CPU.Build.0 = Debug|Any CPU
		{09322565-3CDE-458F-B50C-372C3BF0F702}.Release|Any CPU.ActiveCfg = Release|Any CPU
		{09322565-3CDE-458F-B50C-372C3BF0F702}.Release|Any CPU.Build.0 = Release|Any CPU
		{09B37969-3082-433D-B0C9-028268340E14}.Debug|Any CPU.ActiveCfg = Debug
		{09B37969-3082-433D-B0C9-028268340E14}.Release|Any CPU.ActiveCfg = Release
	EndGlobalSection
	GlobalSection(SolutionProperties) = preSolution
		HideSolutionNode = FALSE
	EndGlobalSection
	GlobalSection(ExtensibilityGlobals) = postSolution
		SolutionGuid = {6544AC53-E0DB-4F80-A6A2-99D2DD444DCD}
	EndGlobalSection
EndGlobal
